
Microsoft Visual Studio Solution File, Format Version 12.00
# Visual Studio Version 16
VisualStudioVersion = 16.0.29424.173
MinimumVisualStudioVersion = 10.0.40219.1
Project("{FAE04EC0-301F-11D3-BF4B-00C04F79EFBC}") = "AutoLotDAL", "AutoLotDAL\AutoLotDAL.csproj", "{7FEB5983-A1E8-4A43-8CBC-615C650934B0}"
EndProject
Project("{FAE04EC0-301F-11D3-BF4B-00C04F79EFBC}") = "xx", "xx\xx.csproj", "{A63D9603-174B-45A9-862D-DA00E31E2042}"
EndProject
Global
	GlobalSection(SolutionConfigurationPlatforms) = preSolution
		Debug|Any CPU = Debug|Any CPU
		Release|Any CPU = Release|Any CPU
	EndGlobalSection
	GlobalSection(ProjectConfigurationPlatforms) = postSolution
		{7FEB5983-A1E8-4A43-8CBC-615C650934B0}.Debug|Any CPU.ActiveCfg = Debug|Any CPU
		{7FEB5983-A1E8-4A43-8CBC-615C650934B0}.Debug|Any CPU.Build.0 = Debug|Any CPU
		{7FEB5983-A1E8-4A43-8CBC-615C650934B0}.Release|Any CPU.ActiveCfg = Release|Any CPU
		{7FEB5983-A1E8-4A43-8CBC-615C650934B0}.Release|Any CPU.Build.0 = Release|Any CPU
		{A63D9603-174B-45A9-862D-DA00E31E2042}.Debug|Any CPU.ActiveCfg = Debug|Any CPU
		{A63D9603-174B-45A9-862D-DA00E31E2042}.Debug|Any CPU.Build.0 = Debug|Any CPU
		{A63D9603-174B-45A9-862D-DA00E31E2042}.Release|Any CPU.ActiveCfg = Release|Any CPU
		{A63D9603-174B-45A9-862D-DA00E31E2042}.Release|Any CPU.Build.0 = Release|Any CPU
	EndGlobalSection
	GlobalSection(SolutionProperties) = preSolution
		HideSolutionNode = FALSE
	EndGlobalSection
	GlobalSection(ExtensibilityGlobals) = postSolution
		SolutionGuid = {2994FD6D-077E-4199-8928-A0F231B31BAD}
	EndGlobalSection
EndGlobal
